// !$*UTF8*$!
{
	archiveVersion = 1;
	classes = {
	};
	objectVersion = 46;
	objects = {

/* Begin PBXBuildFile section */
		1868E5C61D3CC687003384B4 /* main.m in Sources */ = {isa = PBXBuildFile; fileRef = 1868E5C51D3CC687003384B4 /* main.m */; };
		1868E5C91D3CC687003384B4 /* AppDelegate.m in Sources */ = {isa = PBXBuildFile; fileRef = 1868E5C81D3CC687003384B4 /* AppDelegate.m */; };
		1868E5CC1D3CC687003384B4 /* ViewController.m in Sources */ = {isa = PBXBuildFile; fileRef = 1868E5CB1D3CC687003384B4 /* ViewController.m */; };
		1868E5CF1D3CC687003384B4 /* Main.storyboard in Resources */ = {isa = PBXBuildFile; fileRef = 1868E5CD1D3CC687003384B4 /* Main.storyboard */; };
		1868E5D11D3CC687003384B4 /* Assets.xcassets in Resources */ = {isa = PBXBuildFile; fileRef = 1868E5D01D3CC687003384B4 /* Assets.xcassets */; };
		1868E5D41D3CC687003384B4 /* LaunchScreen.storyboard in Resources */ = {isa = PBXBuildFile; fileRef = 1868E5D21D3CC687003384B4 /* LaunchScreen.storyboard */; };
		1868E5DF1D3CC687003384B4 /* MyScrollViewTestTests.m in Sources */ = {isa = PBXBuildFile; fileRef = 1868E5DE1D3CC687003384B4 /* MyScrollViewTestTests.m */; };
		1868E5EA1D3CC687003384B4 /* MyScrollViewTestUITests.m in Sources */ = {isa = PBXBuildFile; fileRef = 1868E5E91D3CC687003384B4 /* MyScrollViewTestUITests.m */; };
		1868E5FC1D3CC720003384B4 /* XKScrollView.m in Sources */ = {isa = PBXBuildFile; fileRef = 1868E5FB1D3CC720003384B4 /* XKScrollView.m */; };
		1868E62F1D3CFB0E003384B4 /* NSData+ImageContentType.m in Sources */ = {isa = PBXBuildFile; fileRef = 1868E6131D3CFB0E003384B4 /* NSData+ImageContentType.m */; };
		1868E6301D3CFB0E003384B4 /* NSData+ImageContentType.m in Sources */ = {isa = PBXBuildFile; fileRef = 1868E6131D3CFB0E003384B4 /* NSData+ImageContentType.m */; };
		1868E6311D3CFB0E003384B4 /* NSData+ImageContentType.m in Sources */ = {isa = PBXBuildFile; fileRef = 1868E6131D3CFB0E003384B4 /* NSData+ImageContentType.m */; };
		1868E6321D3CFB0E003384B4 /* SDImageCache.m in Sources */ = {isa = PBXBuildFile; fileRef = 1868E6151D3CFB0E003384B4 /* SDImageCache.m */; };
		1868E6331D3CFB0E003384B4 /* SDImageCache.m in Sources */ = {isa = PBXBuildFile; fileRef = 1868E6151D3CFB0E003384B4 /* SDImageCache.m */; };
		1868E6341D3CFB0E003384B4 /* SDImageCache.m in Sources */ = {isa = PBXBuildFile; fileRef = 1868E6151D3CFB0E003384B4 /* SDImageCache.m */; };
		1868E6351D3CFB0E003384B4 /* SDWebImageCompat.m in Sources */ = {isa = PBXBuildFile; fileRef = 1868E6171D3CFB0E003384B4 /* SDWebImageCompat.m */; };
		1868E6361D3CFB0E003384B4 /* SDWebImageCompat.m in Sources */ = {isa = PBXBuildFile; fileRef = 1868E6171D3CFB0E003384B4 /* SDWebImageCompat.m */; };
		1868E6371D3CFB0E003384B4 /* SDWebImageCompat.m in Sources */ = {isa = PBXBuildFile; fileRef = 1868E6171D3CFB0E003384B4 /* SDWebImageCompat.m */; };
		1868E6381D3CFB0E003384B4 /* SDWebImageDecoder.m in Sources */ = {isa = PBXBuildFile; fileRef = 1868E6191D3CFB0E003384B4 /* SDWebImageDecoder.m */; };
		1868E6391D3CFB0E003384B4 /* SDWebImageDecoder.m in Sources */ = {isa = PBXBuildFile; fileRef = 1868E6191D3CFB0E003384B4 /* SDWebImageDecoder.m */; };
		1868E63A1D3CFB0E003384B4 /* SDWebImageDecoder.m in Sources */ = {isa = PBXBuildFile; fileRef = 1868E6191D3CFB0E003384B4 /* SDWebImageDecoder.m */; };
		1868E63B1D3CFB0E003384B4 /* SDWebImageDownloader.m in Sources */ = {isa = PBXBuildFile; fileRef = 1868E61B1D3CFB0E003384B4 /* SDWebImageDownloader.m */; };
		1868E63C1D3CFB0E003384B4 /* SDWebImageDownloader.m in Sources */ = {isa = PBXBuildFile; fileRef = 1868E61B1D3CFB0E003384B4 /* SDWebImageDownloader.m */; };
		1868E63D1D3CFB0E003384B4 /* SDWebImageDownloader.m in Sources */ = {isa = PBXBuildFile; fileRef = 1868E61B1D3CFB0E003384B4 /* SDWebImageDownloader.m */; };
		1868E63E1D3CFB0E003384B4 /* SDWebImageDownloaderOperation.m in Sources */ = {isa = PBXBuildFile; fileRef = 1868E61D1D3CFB0E003384B4 /* SDWebImageDownloaderOperation.m */; };
		1868E63F1D3CFB0E003384B4 /* SDWebImageDownloaderOperation.m in Sources */ = {isa = PBXBuildFile; fileRef = 1868E61D1D3CFB0E003384B4 /* SDWebImageDownloaderOperation.m */; };
		1868E6401D3CFB0E003384B4 /* SDWebImageDownloaderOperation.m in Sources */ = {isa = PBXBuildFile; fileRef = 1868E61D1D3CFB0E003384B4 /* SDWebImageDownloaderOperation.m */; };
		1868E6411D3CFB0E003384B4 /* SDWebImageManager.m in Sources */ = {isa = PBXBuildFile; fileRef = 1868E61F1D3CFB0E003384B4 /* SDWebImageManager.m */; };
		1868E6421D3CFB0E003384B4 /* SDWebImageManager.m in Sources */ = {isa = PBXBuildFile; fileRef = 1868E61F1D3CFB0E003384B4 /* SDWebImageManager.m */; };
		1868E6431D3CFB0E003384B4 /* SDWebImageManager.m in Sources */ = {isa = PBXBuildFile; fileRef = 1868E61F1D3CFB0E003384B4 /* SDWebImageManager.m */; };
		1868E6441D3CFB0E003384B4 /* SDWebImagePrefetcher.m in Sources */ = {isa = PBXBuildFile; fileRef = 1868E6221D3CFB0E003384B4 /* SDWebImagePrefetcher.m */; };
		1868E6451D3CFB0E003384B4 /* SDWebImagePrefetcher.m in Sources */ = {isa = PBXBuildFile; fileRef = 1868E6221D3CFB0E003384B4 /* SDWebImagePrefetcher.m */; };
		1868E6461D3CFB0E003384B4 /* SDWebImagePrefetcher.m in Sources */ = {isa = PBXBuildFile; fileRef = 1868E6221D3CFB0E003384B4 /* SDWebImagePrefetcher.m */; };
		1868E6471D3CFB0E003384B4 /* UIButton+WebCache.m in Sources */ = {isa = PBXBuildFile; fileRef = 1868E6241D3CFB0E003384B4 /* UIButton+WebCache.m */; };
		1868E6481D3CFB0E003384B4 /* UIButton+WebCache.m in Sources */ = {isa = PBXBuildFile; fileRef = 1868E6241D3CFB0E003384B4 /* UIButton+WebCache.m */; };
		1868E6491D3CFB0E003384B4 /* UIButton+WebCache.m in Sources */ = {isa = PBXBuildFile; fileRef = 1868E6241D3CFB0E003384B4 /* UIButton+WebCache.m */; };
		1868E64A1D3CFB0E003384B4 /* UIImage+GIF.m in Sources */ = {isa = PBXBuildFile; fileRef = 1868E6261D3CFB0E003384B4 /* UIImage+GIF.m */; };
		1868E64B1D3CFB0E003384B4 /* UIImage+GIF.m in Sources */ = {isa = PBXBuildFile; fileRef = 1868E6261D3CFB0E003384B4 /* UIImage+GIF.m */; };
		1868E64C1D3CFB0E003384B4 /* UIImage+GIF.m in Sources */ = {isa = PBXBuildFile; fileRef = 1868E6261D3CFB0E003384B4 /* UIImage+GIF.m */; };
		1868E64D1D3CFB0E003384B4 /* UIImage+MultiFormat.m in Sources */ = {isa = PBXBuildFile; fileRef = 1868E6281D3CFB0E003384B4 /* UIImage+MultiFormat.m */; };
		1868E64E1D3CFB0E003384B4 /* UIImage+MultiFormat.m in Sources */ = {isa = PBXBuildFile; fileRef = 1868E6281D3CFB0E003384B4 /* UIImage+MultiFormat.m */; };
		1868E64F1D3CFB0E003384B4 /* UIImage+MultiFormat.m in Sources */ = {isa = PBXBuildFile; fileRef = 1868E6281D3CFB0E003384B4 /* UIImage+MultiFormat.m */; };
		1868E6501D3CFB0E003384B4 /* UIImageView+HighlightedWebCache.m in Sources */ = {isa = PBXBuildFile; fileRef = 1868E62A1D3CFB0E003384B4 /* UIImageView+HighlightedWebCache.m */; };
		1868E6511D3CFB0E003384B4 /* UIImageView+HighlightedWebCache.m in Sources */ = {isa = PBXBuildFile; fileRef = 1868E62A1D3CFB0E003384B4 /* UIImageView+HighlightedWebCache.m */; };
		1868E6521D3CFB0E003384B4 /* UIImageView+HighlightedWebCache.m in Sources */ = {isa = PBXBuildFile; fileRef = 1868E62A1D3CFB0E003384B4 /* UIImageView+HighlightedWebCache.m */; };
		1868E6531D3CFB0E003384B4 /* UIImageView+WebCache.m in Sources */ = {isa = PBXBuildFile; fileRef = 1868E62C1D3CFB0E003384B4 /* UIImageView+WebCache.m */; };
		1868E6541D3CFB0E003384B4 /* UIImageView+WebCache.m in Sources */ = {isa = PBXBuildFile; fileRef = 1868E62C1D3CFB0E003384B4 /* UIImageView+WebCache.m */; };
		1868E6551D3CFB0E003384B4 /* UIImageView+WebCache.m in Sources */ = {isa = PBXBuildFile; fileRef = 1868E62C1D3CFB0E003384B4 /* UIImageView+WebCache.m */; };
		1868E6561D3CFB0E003384B4 /* UIView+WebCacheOperation.m in Sources */ = {isa = PBXBuildFile; fileRef = 1868E62E1D3CFB0E003384B4 /* UIView+WebCacheOperation.m */; };
		1868E6571D3CFB0E003384B4 /* UIView+WebCacheOperation.m in Sources */ = {isa = PBXBuildFile; fileRef = 1868E62E1D3CFB0E003384B4 /* UIView+WebCacheOperation.m */; };
		1868E6581D3CFB0E003384B4 /* UIView+WebCacheOperation.m in Sources */ = {isa = PBXBuildFile; fileRef = 1868E62E1D3CFB0E003384B4 /* UIView+WebCacheOperation.m */; };
/* End PBXBuildFile section */

/* Begin PBXContainerItemProxy section */
		1868E5DB1D3CC687003384B4 /* PBXContainerItemProxy */ = {
			isa = PBXContainerItemProxy;
			containerPortal = 1868E5B91D3CC686003384B4 /* Project object */;
			proxyType = 1;
			remoteGlobalIDString = 1868E5C01D3CC686003384B4;
			remoteInfo = MyScrollViewTest;
		};
		1868E5E61D3CC687003384B4 /* PBXContainerItemProxy */ = {
			isa = PBXContainerItemProxy;
			containerPortal = 1868E5B91D3CC686003384B4 /* Project object */;
			proxyType = 1;
			remoteGlobalIDString = 1868E5C01D3CC686003384B4;
			remoteInfo = MyScrollViewTest;
		};
/* End PBXContainerItemProxy section */

/* Begin PBXFileReference section */
		1868E5C11D3CC686003384B4 /* MyScrollViewTest.app */ = {isa = PBXFileReference; explicitFileType = wrapper.application; includeInIndex = 0; path = MyScrollViewTest.app; sourceTree = BUILT_PRODUCTS_DIR; };
		1868E5C51D3CC687003384B4 /* main.m */ = {isa = PBXFileReference; lastKnownFileType = sourcecode.c.objc; path = main.m; sourceTree = "<group>"; };
		1868E5C71D3CC687003384B4 /* AppDelegate.h */ = {isa = PBXFileReference; lastKnownFileType = sourcecode.c.h; path = AppDelegate.h; sourceTree = "<group>"; };
		1868E5C81D3CC687003384B4 /* AppDelegate.m */ = {isa = PBXFileReference; lastKnownFileType = sourcecode.c.objc; path = AppDelegate.m; sourceTree = "<group>"; };
		1868E5CA1D3CC687003384B4 /* ViewController.h */ = {isa = PBXFileReference; lastKnownFileType = sourcecode.c.h; path = ViewController.h; sourceTree = "<group>"; };
		1868E5CB1D3CC687003384B4 /* ViewController.m */ = {isa = PBXFileReference; lastKnownFileType = sourcecode.c.objc; path = ViewController.m; sourceTree = "<group>"; };
		1868E5CE1D3CC687003384B4 /* Base */ = {isa = PBXFileReference; lastKnownFileType = file.storyboard; name = Base; path = Base.lproj/Main.storyboard; sourceTree = "<group>"; };
		1868E5D01D3CC687003384B4 /* Assets.xcassets */ = {isa = PBXFileReference; lastKnownFileType = folder.assetcatalog; path = Assets.xcassets; sourceTree = "<group>"; };
		1868E5D31D3CC687003384B4 /* Base */ = {isa = PBXFileReference; lastKnownFileType = file.storyboard; name = Base; path = Base.lproj/LaunchScreen.storyboard; sourceTree = "<group>"; };
		1868E5D51D3CC687003384B4 /* Info.plist */ = {isa = PBXFileReference; lastKnownFileType = text.plist.xml; path = Info.plist; sourceTree = "<group>"; };
		1868E5DA1D3CC687003384B4 /* MyScrollViewTestTests.xctest */ = {isa = PBXFileReference; explicitFileType = wrapper.cfbundle; includeInIndex = 0; path = MyScrollViewTestTests.xctest; sourceTree = BUILT_PRODUCTS_DIR; };
		1868E5DE1D3CC687003384B4 /* MyScrollViewTestTests.m */ = {isa = PBXFileReference; lastKnownFileType = sourcecode.c.objc; path = MyScrollViewTestTests.m; sourceTree = "<group>"; };
		1868E5E01D3CC687003384B4 /* Info.plist */ = {isa = PBXFileReference; lastKnownFileType = text.plist.xml; path = Info.plist; sourceTree = "<group>"; };
		1868E5E51D3CC687003384B4 /* MyScrollViewTestUITests.xctest */ = {isa = PBXFileReference; explicitFileType = wrapper.cfbundle; includeInIndex = 0; path = MyScrollViewTestUITests.xctest; sourceTree = BUILT_PRODUCTS_DIR; };
		1868E5E91D3CC687003384B4 /* MyScrollViewTestUITests.m */ = {isa = PBXFileReference; lastKnownFileType = sourcecode.c.objc; path = MyScrollViewTestUITests.m; sourceTree = "<group>"; };
		1868E5EB1D3CC687003384B4 /* Info.plist */ = {isa = PBXFileReference; lastKnownFileType = text.plist.xml; path = Info.plist; sourceTree = "<group>"; };
		1868E5FA1D3CC720003384B4 /* XKScrollView.h */ = {isa = PBXFileReference; fileEncoding = 4; lastKnownFileType = sourcecode.c.h; path = XKScrollView.h; sourceTree = "<group>"; };
		1868E5FB1D3CC720003384B4 /* XKScrollView.m */ = {isa = PBXFileReference; fileEncoding = 4; lastKnownFileType = sourcecode.c.objc; path = XKScrollView.m; sourceTree = "<group>"; };
		1868E6121D3CFB0E003384B4 /* NSData+ImageContentType.h */ = {isa = PBXFileReference; fileEncoding = 4; lastKnownFileType = sourcecode.c.h; path = "NSData+ImageContentType.h"; sourceTree = "<group>"; };
		1868E6131D3CFB0E003384B4 /* NSData+ImageContentType.m */ = {isa = PBXFileReference; fileEncoding = 4; lastKnownFileType = sourcecode.c.objc; path = "NSData+ImageContentType.m"; sourceTree = "<group>"; };
		1868E6141D3CFB0E003384B4 /* SDImageCache.h */ = {isa = PBXFileReference; fileEncoding = 4; lastKnownFileType = sourcecode.c.h; path = SDImageCache.h; sourceTree = "<group>"; };
		1868E6151D3CFB0E003384B4 /* SDImageCache.m */ = {isa = PBXFileReference; fileEncoding = 4; lastKnownFileType = sourcecode.c.objc; path = SDImageCache.m; sourceTree = "<group>"; };
		1868E6161D3CFB0E003384B4 /* SDWebImageCompat.h */ = {isa = PBXFileReference; fileEncoding = 4; lastKnownFileType = sourcecode.c.h; path = SDWebImageCompat.h; sourceTree = "<group>"; };
		1868E6171D3CFB0E003384B4 /* SDWebImageCompat.m */ = {isa = PBXFileReference; fileEncoding = 4; lastKnownFileType = sourcecode.c.objc; path = SDWebImageCompat.m; sourceTree = "<group>"; };
		1868E6181D3CFB0E003384B4 /* SDWebImageDecoder.h */ = {isa = PBXFileReference; fileEncoding = 4; lastKnownFileType = sourcecode.c.h; path = SDWebImageDecoder.h; sourceTree = "<group>"; };
		1868E6191D3CFB0E003384B4 /* SDWebImageDecoder.m */ = {isa = PBXFileReference; fileEncoding = 4; lastKnownFileType = sourcecode.c.objc; path = SDWebImageDecoder.m; sourceTree = "<group>"; };
		1868E61A1D3CFB0E003384B4 /* SDWebImageDownloader.h */ = {isa = PBXFileReference; fileEncoding = 4; lastKnownFileType = sourcecode.c.h; path = SDWebImageDownloader.h; sourceTree = "<group>"; };
		1868E61B1D3CFB0E003384B4 /* SDWebImageDownloader.m */ = {isa = PBXFileReference; fileEncoding = 4; lastKnownFileType = sourcecode.c.objc; path = SDWebImageDownloader.m; sourceTree = "<group>"; };
		1868E61C1D3CFB0E003384B4 /* SDWebImageDownloaderOperation.h */ = {isa = PBXFileReference; fileEncoding = 4; lastKnownFileType = sourcecode.c.h; path = SDWebImageDownloaderOperation.h; sourceTree = "<group>"; };
		1868E61D1D3CFB0E003384B4 /* SDWebImageDownloaderOperation.m */ = {isa = PBXFileReference; fileEncoding = 4; lastKnownFileType = sourcecode.c.objc; path = SDWebImageDownloaderOperation.m; sourceTree = "<group>"; };
		1868E61E1D3CFB0E003384B4 /* SDWebImageManager.h */ = {isa = PBXFileReference; fileEncoding = 4; lastKnownFileType = sourcecode.c.h; path = SDWebImageManager.h; sourceTree = "<group>"; };
		1868E61F1D3CFB0E003384B4 /* SDWebImageManager.m */ = {isa = PBXFileReference; fileEncoding = 4; lastKnownFileType = sourcecode.c.objc; path = SDWebImageManager.m; sourceTree = "<group>"; };
		1868E6201D3CFB0E003384B4 /* SDWebImageOperation.h */ = {isa = PBXFileReference; fileEncoding = 4; lastKnownFileType = sourcecode.c.h; path = SDWebImageOperation.h; sourceTree = "<group>"; };
		1868E6211D3CFB0E003384B4 /* SDWebImagePrefetcher.h */ = {isa = PBXFileReference; fileEncoding = 4; lastKnownFileType = sourcecode.c.h; path = SDWebImagePrefetcher.h; sourceTree = "<group>"; };
		1868E6221D3CFB0E003384B4 /* SDWebImagePrefetcher.m */ = {isa = PBXFileReference; fileEncoding = 4; lastKnownFileType = sourcecode.c.objc; path = SDWebImagePrefetcher.m; sourceTree = "<group>"; };
		1868E6231D3CFB0E003384B4 /* UIButton+WebCache.h */ = {isa = PBXFileReference; fileEncoding = 4; lastKnownFileType = sourcecode.c.h; path = "UIButton+WebCache.h"; sourceTree = "<group>"; };
		1868E6241D3CFB0E003384B4 /* UIButton+WebCache.m */ = {isa = PBXFileReference; fileEncoding = 4; lastKnownFileType = sourcecode.c.objc; path = "UIButton+WebCache.m"; sourceTree = "<group>"; };
		1868E6251D3CFB0E003384B4 /* UIImage+GIF.h */ = {isa = PBXFileReference; fileEncoding = 4; lastKnownFileType = sourcecode.c.h; path = "UIImage+GIF.h"; sourceTree = "<group>"; };
		1868E6261D3CFB0E003384B4 /* UIImage+GIF.m */ = {isa = PBXFileReference; fileEncoding = 4; lastKnownFileType = sourcecode.c.objc; path = "UIImage+GIF.m"; sourceTree = "<group>"; };
		1868E6271D3CFB0E003384B4 /* UIImage+MultiFormat.h */ = {isa = PBXFileReference; fileEncoding = 4; lastKnownFileType = sourcecode.c.h; path = "UIImage+MultiFormat.h"; sourceTree = "<group>"; };
		1868E6281D3CFB0E003384B4 /* UIImage+MultiFormat.m */ = {isa = PBXFileReference; fileEncoding = 4; lastKnownFileType = sourcecode.c.objc; path = "UIImage+MultiFormat.m"; sourceTree = "<group>"; };
		1868E6291D3CFB0E003384B4 /* UIImageView+HighlightedWebCache.h */ = {isa = PBXFileReference; fileEncoding = 4; lastKnownFileType = sourcecode.c.h; path = "UIImageView+HighlightedWebCache.h"; sourceTree = "<group>"; };
		1868E62A1D3CFB0E003384B4 /* UIImageView+HighlightedWebCache.m */ = {isa = PBXFileReference; fileEncoding = 4; lastKnownFileType = sourcecode.c.objc; path = "UIImageView+HighlightedWebCache.m"; sourceTree = "<group>"; };
		1868E62B1D3CFB0E003384B4 /* UIImageView+WebCache.h */ = {isa = PBXFileReference; fileEncoding = 4; lastKnownFileType = sourcecode.c.h; path = "UIImageView+WebCache.h"; sourceTree = "<group>"; };
		1868E62C1D3CFB0E003384B4 /* UIImageView+WebCache.m */ = {isa = PBXFileReference; fileEncoding = 4; lastKnownFileType = sourcecode.c.objc; path = "UIImageView+WebCache.m"; sourceTree = "<group>"; };
		1868E62D1D3CFB0E003384B4 /* UIView+WebCacheOperation.h */ = {isa = PBXFileReference; fileEncoding = 4; lastKnownFileType = sourcecode.c.h; path = "UIView+WebCacheOperation.h"; sourceTree = "<group>"; };
		1868E62E1D3CFB0E003384B4 /* UIView+WebCacheOperation.m */ = {isa = PBXFileReference; fileEncoding = 4; lastKnownFileType = sourcecode.c.objc; path = "UIView+WebCacheOperation.m"; sourceTree = "<group>"; };
/* End PBXFileReference section */

/* Begin PBXFrameworksBuildPhase section */
		1868E5BE1D3CC686003384B4 /* Frameworks */ = {
			isa = PBXFrameworksBuildPhase;
			buildActionMask = 2147483647;
			files = (
			);
			runOnlyForDeploymentPostprocessing = 0;
		};
		1868E5D71D3CC687003384B4 /* Frameworks */ = {
			isa = PBXFrameworksBuildPhase;
			buildActionMask = 2147483647;
			files = (
			);
			runOnlyForDeploymentPostprocessing = 0;
		};
		1868E5E21D3CC687003384B4 /* Frameworks */ = {
			isa = PBXFrameworksBuildPhase;
			buildActionMask = 2147483647;
			files = (
			);
			runOnlyForDeploymentPostprocessing = 0;
		};
/* End PBXFrameworksBuildPhase section */

/* Begin PBXGroup section */
		1868E5B81D3CC686003384B4 = {
			isa = PBXGroup;
			children = (
				1868E5C31D3CC687003384B4 /* MyScrollViewTest */,
				1868E5DD1D3CC687003384B4 /* MyScrollViewTestTests */,
				1868E5E81D3CC687003384B4 /* MyScrollViewTestUITests */,
				1868E5C21D3CC686003384B4 /* Products */,
			);
			sourceTree = "<group>";
		};
		1868E5C21D3CC686003384B4 /* Products */ = {
			isa = PBXGroup;
			children = (
				1868E5C11D3CC686003384B4 /* MyScrollViewTest.app */,
				1868E5DA1D3CC687003384B4 /* MyScrollViewTestTests.xctest */,
				1868E5E51D3CC687003384B4 /* MyScrollViewTestUITests.xctest */,
			);
			name = Products;
			sourceTree = "<group>";
		};
		1868E5C31D3CC687003384B4 /* MyScrollViewTest */ = {
			isa = PBXGroup;
			children = (
				1868E5C71D3CC687003384B4 /* AppDelegate.h */,
				1868E5C81D3CC687003384B4 /* AppDelegate.m */,
				1868E5CA1D3CC687003384B4 /* ViewController.h */,
				1868E5CB1D3CC687003384B4 /* ViewController.m */,
				1868E5FA1D3CC720003384B4 /* XKScrollView.h */,
				1868E5FB1D3CC720003384B4 /* XKScrollView.m */,
				1868E6111D3CFB0E003384B4 /* SDWebImage */,
				1868E5CD1D3CC687003384B4 /* Main.storyboard */,
				1868E5D01D3CC687003384B4 /* Assets.xcassets */,
				1868E5D21D3CC687003384B4 /* LaunchScreen.storyboard */,
				1868E5D51D3CC687003384B4 /* Info.plist */,
				1868E5C41D3CC687003384B4 /* Supporting Files */,
			);
			path = MyScrollViewTest;
			sourceTree = "<group>";
		};
		1868E5C41D3CC687003384B4 /* Supporting Files */ = {
			isa = PBXGroup;
			children = (
				1868E5C51D3CC687003384B4 /* main.m */,
			);
			name = "Supporting Files";
			sourceTree = "<group>";
		};
		1868E5DD1D3CC687003384B4 /* MyScrollViewTestTests */ = {
			isa = PBXGroup;
			children = (
				1868E5DE1D3CC687003384B4 /* MyScrollViewTestTests.m */,
				1868E5E01D3CC687003384B4 /* Info.plist */,
			);
			path = MyScrollViewTestTests;
			sourceTree = "<group>";
		};
		1868E5E81D3CC687003384B4 /* MyScrollViewTestUITests */ = {
			isa = PBXGroup;
			children = (
				1868E5E91D3CC687003384B4 /* MyScrollViewTestUITests.m */,
				1868E5EB1D3CC687003384B4 /* Info.plist */,
			);
			path = MyScrollViewTestUITests;
			sourceTree = "<group>";
		};
		1868E6111D3CFB0E003384B4 /* SDWebImage */ = {
			isa = PBXGroup;
			children = (
				1868E6121D3CFB0E003384B4 /* NSData+ImageContentType.h */,
				1868E6131D3CFB0E003384B4 /* NSData+ImageContentType.m */,
				1868E6141D3CFB0E003384B4 /* SDImageCache.h */,
				1868E6151D3CFB0E003384B4 /* SDImageCache.m */,
				1868E6161D3CFB0E003384B4 /* SDWebImageCompat.h */,
				1868E6171D3CFB0E003384B4 /* SDWebImageCompat.m */,
				1868E6181D3CFB0E003384B4 /* SDWebImageDecoder.h */,
				1868E6191D3CFB0E003384B4 /* SDWebImageDecoder.m */,
				1868E61A1D3CFB0E003384B4 /* SDWebImageDownloader.h */,
				1868E61B1D3CFB0E003384B4 /* SDWebImageDownloader.m */,
				1868E61C1D3CFB0E003384B4 /* SDWebImageDownloaderOperation.h */,
				1868E61D1D3CFB0E003384B4 /* SDWebImageDownloaderOperation.m */,
				1868E61E1D3CFB0E003384B4 /* SDWebImageManager.h */,
				1868E61F1D3CFB0E003384B4 /* SDWebImageManager.m */,
				1868E6201D3CFB0E003384B4 /* SDWebImageOperation.h */,
				1868E6211D3CFB0E003384B4 /* SDWebImagePrefetcher.h */,
				1868E6221D3CFB0E003384B4 /* SDWebImagePrefetcher.m */,
				1868E6231D3CFB0E003384B4 /* UIButton+WebCache.h */,
				1868E6241D3CFB0E003384B4 /* UIButton+WebCache.m */,
				1868E6251D3CFB0E003384B4 /* UIImage+GIF.h */,
				1868E6261D3CFB0E003384B4 /* UIImage+GIF.m */,
				1868E6271D3CFB0E003384B4 /* UIImage+MultiFormat.h */,
				1868E6281D3CFB0E003384B4 /* UIImage+MultiFormat.m */,
				1868E6291D3CFB0E003384B4 /* UIImageView+HighlightedWebCache.h */,
				1868E62A1D3CFB0E003384B4 /* UIImageView+HighlightedWebCache.m */,
				1868E62B1D3CFB0E003384B4 /* UIImageView+WebCache.h */,
				1868E62C1D3CFB0E003384B4 /* UIImageView+WebCache.m */,
				1868E62D1D3CFB0E003384B4 /* UIView+WebCacheOperation.h */,
				1868E62E1D3CFB0E003384B4 /* UIView+WebCacheOperation.m */,
			);
			path = SDWebImage;
			sourceTree = "<group>";
		};
/* End PBXGroup section */

/* Begin PBXNativeTarget section */
		1868E5C01D3CC686003384B4 /* MyScrollViewTest */ = {
			isa = PBXNativeTarget;
			buildConfigurationList = 1868E5EE1D3CC687003384B4 /* Build configuration list for PBXNativeTarget "MyScrollViewTest" */;
			buildPhases = (
				1868E5BD1D3CC686003384B4 /* Sources */,
				1868E5BE1D3CC686003384B4 /* Frameworks */,
				1868E5BF1D3CC686003384B4 /* Resources */,
			);
			buildRules = (
			);
			dependencies = (
			);
			name = MyScrollViewTest;
			productName = MyScrollViewTest;
			productReference = 1868E5C11D3CC686003384B4 /* MyScrollViewTest.app */;
			productType = "com.apple.product-type.application";
		};
		1868E5D91D3CC687003384B4 /* MyScrollViewTestTests */ = {
			isa = PBXNativeTarget;
			buildConfigurationList = 1868E5F11D3CC687003384B4 /* Build configuration list for PBXNativeTarget "MyScrollViewTestTests" */;
			buildPhases = (
				1868E5D61D3CC687003384B4 /* Sources */,
				1868E5D71D3CC687003384B4 /* Frameworks */,
				1868E5D81D3CC687003384B4 /* Resources */,
			);
			buildRules = (
			);
			dependencies = (
				1868E5DC1D3CC687003384B4 /* PBXTargetDependency */,
			);
			name = MyScrollViewTestTests;
			productName = MyScrollViewTestTests;
			productReference = 1868E5DA1D3CC687003384B4 /* MyScrollViewTestTests.xctest */;
			productType = "com.apple.product-type.bundle.unit-test";
		};
		1868E5E41D3CC687003384B4 /* MyScrollViewTestUITests */ = {
			isa = PBXNativeTarget;
			buildConfigurationList = 1868E5F41D3CC687003384B4 /* Build configuration list for PBXNativeTarget "MyScrollViewTestUITests" */;
			buildPhases = (
				1868E5E11D3CC687003384B4 /* Sources */,
				1868E5E21D3CC687003384B4 /* Frameworks */,
				1868E5E31D3CC687003384B4 /* Resources */,
			);
			buildRules = (
			);
			dependencies = (
				1868E5E71D3CC687003384B4 /* PBXTargetDependency */,
			);
			name = MyScrollViewTestUITests;
			productName = MyScrollViewTestUITests;
			productReference = 1868E5E51D3CC687003384B4 /* MyScrollViewTestUITests.xctest */;
			productType = "com.apple.product-type.bundle.ui-testing";
		};
/* End PBXNativeTarget section */

/* Begin PBXProject section */
		1868E5B91D3CC686003384B4 /* Project object */ = {
			isa = PBXProject;
			attributes = {
				LastUpgradeCheck = 0730;
				ORGANIZATIONNAME = Apple;
				TargetAttributes = {
					1868E5C01D3CC686003384B4 = {
						CreatedOnToolsVersion = 7.3;
					};
					1868E5D91D3CC687003384B4 = {
						CreatedOnToolsVersion = 7.3;
						TestTargetID = 1868E5C01D3CC686003384B4;
					};
					1868E5E41D3CC687003384B4 = {
						CreatedOnToolsVersion = 7.3;
						TestTargetID = 1868E5C01D3CC686003384B4;
					};
				};
			};
			buildConfigurationList = 1868E5BC1D3CC686003384B4 /* Build configuration list for PBXProject "MyScrollViewTest" */;
			compatibilityVersion = "Xcode 3.2";
			developmentRegion = English;
			hasScannedForEncodings = 0;
			knownRegions = (
				en,
				Base,
			);
			mainGroup = 1868E5B81D3CC686003384B4;
			productRefGroup = 1868E5C21D3CC686003384B4 /* Products */;
			projectDirPath = "";
			projectRoot = "";
			targets = (
				1868E5C01D3CC686003384B4 /* MyScrollViewTest */,
				1868E5D91D3CC687003384B4 /* MyScrollViewTestTests */,
				1868E5E41D3CC687003384B4 /* MyScrollViewTestUITests */,
			);
		};
/* End PBXProject section */

/* Begin PBXResourcesBuildPhase section */
		1868E5BF1D3CC686003384B4 /* Resources */ = {
			isa = PBXResourcesBuildPhase;
			buildActionMask = 2147483647;
			files = (
				1868E5D41D3CC687003384B4 /* LaunchScreen.storyboard in Resources */,
				1868E5D11D3CC687003384B4 /* Assets.xcassets in Resources */,
				1868E5CF1D3CC687003384B4 /* Main.storyboard in Resources */,
			);
			runOnlyForDeploymentPostprocessing = 0;
		};
		1868E5D81D3CC687003384B4 /* Resources */ = {
			isa = PBXResourcesBuildPhase;
			buildActionMask = 2147483647;
			files = (
			);
			runOnlyForDeploymentPostprocessing = 0;
		};
		1868E5E31D3CC687003384B4 /* Resources */ = {
			isa = PBXResourcesBuildPhase;
			buildActionMask = 2147483647;
			files = (
			);
			runOnlyForDeploymentPostprocessing = 0;
		};
/* End PBXResourcesBuildPhase section */

/* Begin PBXSourcesBuildPhase section */
		1868E5BD1D3CC686003384B4 /* Sources */ = {
			isa = PBXSourcesBuildPhase;
			buildActionMask = 2147483647;
			files = (
				1868E62F1D3CFB0E003384B4 /* NSData+ImageContentType.m in Sources */,
				1868E6411D3CFB0E003384B4 /* SDWebImageManager.m in Sources */,
				1868E6501D3CFB0E003384B4 /* UIImageView+HighlightedWebCache.m in Sources */,
				1868E63B1D3CFB0E003384B4 /* SDWebImageDownloader.m in Sources */,
				1868E6531D3CFB0E003384B4 /* UIImageView+WebCache.m in Sources */,
				1868E6321D3CFB0E003384B4 /* SDImageCache.m in Sources */,
				1868E5CC1D3CC687003384B4 /* ViewController.m in Sources */,
				1868E5FC1D3CC720003384B4 /* XKScrollView.m in Sources */,
				1868E6381D3CFB0E003384B4 /* SDWebImageDecoder.m in Sources */,
				1868E64D1D3CFB0E003384B4 /* UIImage+MultiFormat.m in Sources */,
				1868E63E1D3CFB0E003384B4 /* SDWebImageDownloaderOperation.m in Sources */,
				1868E5C91D3CC687003384B4 /* AppDelegate.m in Sources */,
				1868E6471D3CFB0E003384B4 /* UIButton+WebCache.m in Sources */,
				1868E6441D3CFB0E003384B4 /* SDWebImagePrefetcher.m in Sources */,
				1868E6351D3CFB0E003384B4 /* SDWebImageCompat.m in Sources */,
				1868E64A1D3CFB0E003384B4 /* UIImage+GIF.m in Sources */,
				1868E6561D3CFB0E003384B4 /* UIView+WebCacheOperation.m in Sources */,
				1868E5C61D3CC687003384B4 /* main.m in Sources */,
			);
			runOnlyForDeploymentPostprocessing = 0;
		};
		1868E5D61D3CC687003384B4 /* Sources */ = {
			isa = PBXSourcesBuildPhase;
			buildActionMask = 2147483647;
			files = (
				1868E64B1D3CFB0E003384B4 /* UIImage+GIF.m in Sources */,
				1868E6451D3CFB0E003384B4 /* SDWebImagePrefetcher.m in Sources */,
				1868E6301D3CFB0E003384B4 /* NSData+ImageContentType.m in Sources */,
				1868E6421D3CFB0E003384B4 /* SDWebImageManager.m in Sources */,
				1868E6541D3CFB0E003384B4 /* UIImageView+WebCache.m in Sources */,
				1868E64E1D3CFB0E003384B4 /* UIImage+MultiFormat.m in Sources */,
				1868E6361D3CFB0E003384B4 /* SDWebImageCompat.m in Sources */,
				1868E6571D3CFB0E003384B4 /* UIView+WebCacheOperation.m in Sources */,
				1868E6391D3CFB0E003384B4 /* SDWebImageDecoder.m in Sources */,
				1868E6331D3CFB0E003384B4 /* SDImageCache.m in Sources */,
				1868E63F1D3CFB0E003384B4 /* SDWebImageDownloaderOperation.m in Sources */,
				1868E6481D3CFB0E003384B4 /* UIButton+WebCache.m in Sources */,
				1868E63C1D3CFB0E003384B4 /* SDWebImageDownloader.m in Sources */,
				1868E5DF1D3CC687003384B4 /* MyScrollViewTestTests.m in Sources */,
				1868E6511D3CFB0E003384B4 /* UIImageView+HighlightedWebCache.m in Sources */,
			);
			runOnlyForDeploymentPostprocessing = 0;
		};
		1868E5E11D3CC687003384B4 /* Sources */ = {
			isa = PBXSourcesBuildPhase;
			buildActionMask = 2147483647;
			files = (
				1868E64C1D3CFB0E003384B4 /* UIImage+GIF.m in Sources */,
				1868E6461D3CFB0E003384B4 /* SDWebImagePrefetcher.m in Sources */,
				1868E6311D3CFB0E003384B4 /* NSData+ImageContentType.m in Sources */,
				1868E6431D3CFB0E003384B4 /* SDWebImageManager.m in Sources */,
				1868E6551D3CFB0E003384B4 /* UIImageView+WebCache.m in Sources */,
				1868E64F1D3CFB0E003384B4 /* UIImage+MultiFormat.m in Sources */,
				1868E6371D3CFB0E003384B4 /* SDWebImageCompat.m in Sources */,
				1868E6581D3CFB0E003384B4 /* UIView+WebCacheOperation.m in Sources */,
				1868E63A1D3CFB0E003384B4 /* SDWebImageDecoder.m in Sources */,
				1868E6341D3CFB0E003384B4 /* SDImageCache.m in Sources */,
				1868E6401D3CFB0E003384B4 /* SDWebImageDownloaderOperation.m in Sources */,
				1868E6491D3CFB0E003384B4 /* UIButton+WebCache.m in Sources */,
				1868E63D1D3CFB0E003384B4 /* SDWebImageDownloader.m in Sources */,
				1868E5EA1D3CC687003384B4 /* MyScrollViewTestUITests.m in Sources */,
				1868E6521D3CFB0E003384B4 /* UIImageView+HighlightedWebCache.m in Sources */,
			);
			runOnlyForDeploymentPostprocessing = 0;
		};
/* End PBXSourcesBuildPhase section */

/* Begin PBXTargetDependency section */
		1868E5DC1D3CC687003384B4 /* PBXTargetDependency */ = {
			isa = PBXTargetDependency;
			target = 1868E5C01D3CC686003384B4 /* MyScrollViewTest */;
			targetProxy = 1868E5DB1D3CC687003384B4 /* PBXContainerItemProxy */;
		};
		1868E5E71D3CC687003384B4 /* PBXTargetDependency */ = {
			isa = PBXTargetDependency;
			target = 1868E5C01D3CC686003384B4 /* MyScrollViewTest */;
			targetProxy = 1868E5E61D3CC687003384B4 /* PBXContainerItemProxy */;
		};
/* End PBXTargetDependency section */

/* Begin PBXVariantGroup section */
		1868E5CD1D3CC687003384B4 /* Main.storyboard */ = {
			isa = PBXVariantGroup;
			children = (
				1868E5CE1D3CC687003384B4 /* Base */,
			);
			name = Main.storyboard;
			sourceTree = "<group>";
		};
		1868E5D21D3CC687003384B4 /* LaunchScreen.storyboard */ = {
			isa = PBXVariantGroup;
			children = (
				1868E5D31D3CC687003384B4 /* Base */,
			);
			name = LaunchScreen.storyboard;
			sourceTree = "<group>";
		};
/* End PBXVariantGroup section */

/* Begin XCBuildConfiguration section */
		1868E5EC1D3CC687003384B4 /* Debug */ = {
			isa = XCBuildConfiguration;
			buildSettings = {
				ALWAYS_SEARCH_USER_PATHS = NO;
				CLANG_ANALYZER_NONNULL = YES;
				CLANG_CXX_LANGUAGE_STANDARD = "gnu++0x";
				CLANG_CXX_LIBRARY = "libc++";
				CLANG_ENABLE_MODULES = YES;
				CLANG_ENABLE_OBJC_ARC = YES;
				CLANG_WARN_BOOL_CONVERSION = YES;
				CLANG_WARN_CONSTANT_CONVERSION = YES;
				CLANG_WARN_DIRECT_OBJC_ISA_USAGE = YES_ERROR;
				CLANG_WARN_EMPTY_BODY = YES;
				CLANG_WARN_ENUM_CONVERSION = YES;
				CLANG_WARN_INT_CONVERSION = YES;
				CLANG_WARN_OBJC_ROOT_CLASS = YES_ERROR;
				CLANG_WARN_UNREACHABLE_CODE = YES;
				CLANG_WARN__DUPLICATE_METHOD_MATCH = YES;
				"CODE_SIGN_IDENTITY[sdk=iphoneos*]" = "iPhone Developer";
				COPY_PHASE_STRIP = NO;
				DEBUG_INFORMATION_FORMAT = dwarf;
				ENABLE_STRICT_OBJC_MSGSEND = YES;
				ENABLE_TESTABILITY = YES;
				GCC_C_LANGUAGE_STANDARD = gnu99;
				GCC_DYNAMIC_NO_PIC = NO;
				GCC_NO_COMMON_BLOCKS = YES;
				GCC_OPTIMIZATION_LEVEL = 0;
				GCC_PREPROCESSOR_DEFINITIONS = (
					"DEBUG=1",
					"$(inherited)",
				);
				GCC_WARN_64_TO_32_BIT_CONVERSION = YES;
				GCC_WARN_ABOUT_RETURN_TYPE = YES_ERROR;
				GCC_WARN_UNDECLARED_SELECTOR = YES;
				GCC_WARN_UNINITIALIZED_AUTOS = YES_AGGRESSIVE;
				GCC_WARN_UNUSED_FUNCTION = YES;
				GCC_WARN_UNUSED_VARIABLE = YES;
				IPHONEOS_DEPLOYMENT_TARGET = 9.3;
				MTL_ENABLE_DEBUG_INFO = YES;
				ONLY_ACTIVE_ARCH = YES;
				SDKROOT = iphoneos;
				TARGETED_DEVICE_FAMILY = "1,2";
			};
			name = Debug;
		};
		1868E5ED1D3CC687003384B4 /* Release */ = {
			isa = XCBuildConfiguration;
			buildSettings = {
				ALWAYS_SEARCH_USER_PATHS = NO;
				CLANG_ANALYZER_NONNULL = YES;
				CLANG_CXX_LANGUAGE_STANDARD = "gnu++0x";
				CLANG_CXX_LIBRARY = "libc++";
				CLANG_ENABLE_MODULES = YES;
				CLANG_ENABLE_OBJC_ARC = YES;
				CLANG_WARN_BOOL_CONVERSION = YES;
				CLANG_WARN_CONSTANT_CONVERSION = YES;
				CLANG_WARN_DIRECT_OBJC_ISA_USAGE = YES_ERROR;
				CLANG_WARN_EMPTY_BODY = YES;
				CLANG_WARN_ENUM_CONVERSION = YES;
				CLANG_WARN_INT_CONVERSION = YES;
				CLANG_WARN_OBJC_ROOT_CLASS = YES_ERROR;
				CLANG_WARN_UNREACHABLE_CODE = YES;
				CLANG_WARN__DUPLICATE_METHOD_MATCH = YES;
				"CODE_SIGN_IDENTITY[sdk=iphoneos*]" = "iPhone Developer";
				COPY_PHASE_STRIP = NO;
				DEBUG_INFORMATION_FORMAT = "dwarf-with-dsym";
				ENABLE_NS_ASSERTIONS = NO;
				ENABLE_STRICT_OBJC_MSGSEND = YES;
				GCC_C_LANGUAGE_STANDARD = gnu99;
				GCC_NO_COMMON_BLOCKS = YES;
				GCC_WARN_64_TO_32_BIT_CONVERSION = YES;
				GCC_WARN_ABOUT_RETURN_TYPE = YES_ERROR;
				GCC_WARN_UNDECLARED_SELECTOR = YES;
				GCC_WARN_UNINITIALIZED_AUTOS = YES_AGGRESSIVE;
				GCC_WARN_UNUSED_FUNCTION = YES;
				GCC_WARN_UNUSED_VARIABLE = YES;
				IPHONEOS_DEPLOYMENT_TARGET = 9.3;
				MTL_ENABLE_DEBUG_INFO = NO;
				SDKROOT = iphoneos;
				TARGETED_DEVICE_FAMILY = "1,2";
				VALIDATE_PRODUCT = YES;
			};
			name = Release;
		};
		1868E5EF1D3CC687003384B4 /* Debug */ = {
			isa = XCBuildConfiguration;
			buildSettings = {
				ASSETCATALOG_COMPILER_APPICON_NAME = AppIcon;
				INFOPLIST_FILE = MyScrollViewTest/Info.plist;
				LD_RUNPATH_SEARCH_PATHS = "$(inherited) @executable_path/Frameworks";
				PRODUCT_BUNDLE_IDENTIFIER = XK.MyScrollViewTest;
				PRODUCT_NAME = "$(TARGET_NAME)";
			};
			name = Debug;
		};
		1868E5F01D3CC687003384B4 /* Release */ = {
			isa = XCBuildConfiguration;
			buildSettings = {
				ASSETCATALOG_COMPILER_APPICON_NAME = AppIcon;
				INFOPLIST_FILE = MyScrollViewTest/Info.plist;
				LD_RUNPATH_SEARCH_PATHS = "$(inherited) @executable_path/Frameworks";
				PRODUCT_BUNDLE_IDENTIFIER = XK.MyScrollViewTest;
				PRODUCT_NAME = "$(TARGET_NAME)";
			};
			name = Release;
		};
		1868E5F21D3CC687003384B4 /* Debug */ = {
			isa = XCBuildConfiguration;
			buildSettings = {
				BUNDLE_LOADER = "$(TEST_HOST)";
				INFOPLIST_FILE = MyScrollViewTestTests/Info.plist;
				LD_RUNPATH_SEARCH_PATHS = "$(inherited) @executable_path/Frameworks @loader_path/Frameworks";
				PRODUCT_BUNDLE_IDENTIFIER = XK.MyScrollViewTestTests;
				PRODUCT_NAME = "$(TARGET_NAME)";
				TEST_HOST = "$(BUILT_PRODUCTS_DIR)/MyScrollViewTest.app/MyScrollViewTest";
			};
			name = Debug;
		};
		1868E5F31D3CC687003384B4 /* Release */ = {
			isa = XCBuildConfiguration;
			buildSettings = {
				BUNDLE_LOADER = "$(TEST_HOST)";
				INFOPLIST_FILE = MyScrollViewTestTests/Info.plist;
				LD_RUNPATH_SEARCH_PATHS = "$(inherited) @executable_path/Frameworks @loader_path/Frameworks";
				PRODUCT_BUNDLE_IDENTIFIER = XK.MyScrollViewTestTests;
				PRODUCT_NAME = "$(TARGET_NAME)";
				TEST_HOST = "$(BUILT_PRODUCTS_DIR)/MyScrollViewTest.app/MyScrollViewTest";
			};
			name = Release;
		};
		1868E5F51D3CC687003384B4 /* Debug */ = {
			isa = XCBuildConfiguration;
			buildSettings = {
				INFOPLIST_FILE = MyScrollViewTestUITests/Info.plist;
				LD_RUNPATH_SEARCH_PATHS = "$(inherited) @executable_path/Frameworks @loader_path/Frameworks";
				PRODUCT_BUNDLE_IDENTIFIER = XK.MyScrollViewTestUITests;
				PRODUCT_NAME = "$(TARGET_NAME)";
				TEST_TARGET_NAME = MyScrollViewTest;
			};
			name = Debug;
		};
		1868E5F61D3CC687003384B4 /* Release */ = {
			isa = XCBuildConfiguration;
			buildSettings = {
				INFOPLIST_FILE = MyScrollViewTestUITests/Info.plist;
				LD_RUNPATH_SEARCH_PATHS = "$(inherited) @executable_path/Frameworks @loader_path/Frameworks";
				PRODUCT_BUNDLE_IDENTIFIER = XK.MyScrollViewTestUITests;
				PRODUCT_NAME = "$(TARGET_NAME)";
				TEST_TARGET_NAME = MyScrollViewTest;
			};
			name = Release;
		};
/* End XCBuildConfiguration section */

/* Begin XCConfigurationList section */
		1868E5BC1D3CC686003384B4 /* Build configuration list for PBXProject "MyScrollViewTest" */ = {
			isa = XCConfigurationList;
			buildConfigurations = (
				1868E5EC1D3CC687003384B4 /* Debug */,
				1868E5ED1D3CC687003384B4 /* Release */,
			);
			defaultConfigurationIsVisible = 0;
			defaultConfigurationName = Release;
		};
		1868E5EE1D3CC687003384B4 /* Build configuration list for PBXNativeTarget "MyScrollViewTest" */ = {
			isa = XCConfigurationList;
			buildConfigurations = (
				1868E5EF1D3CC687003384B4 /* Debug */,
				1868E5F01D3CC687003384B4 /* Release */,
			);
			defaultConfigurationIsVisible = 0;
			defaultConfigurationName = Release;
		};
		1868E5F11D3CC687003384B4 /* Build configuration list for PBXNativeTarget "MyScrollViewTestTests" */ = {
			isa = XCConfigurationList;
			buildConfigurations = (
				1868E5F21D3CC687003384B4 /* Debug */,
				1868E5F31D3CC687003384B4 /* Release */,
			);
			defaultConfigurationIsVisible = 0;
			defaultConfigurationName = Release;
		};
		1868E5F41D3CC687003384B4 /* Build configuration list for PBXNativeTarget "MyScrollViewTestUITests" */ = {
			isa = XCConfigurationList;
			buildConfigurations = (
				1868E5F51D3CC687003384B4 /* Debug */,
				1868E5F61D3CC687003384B4 /* Release */,
			);
			defaultConfigurationIsVisible = 0;
			defaultConfigurationName = Release;
		};
/* End XCConfigurationList section */
	};
	rootObject = 1868E5B91D3CC686003384B4 /* Project object */;
}
